// !$*UTF8*$!
{
	archiveVersion = 1;
	classes = {
	};
	objectVersion = 46;
	objects = {

/* Begin PBXBuildFile section */
		04503FCB1A388680008D1711 /* Foundation.framework in Frameworks */ = {isa = PBXBuildFile; fileRef = 04503FCA1A388680008D1711 /* Foundation.framework */; };
		04503FCD1A388680008D1711 /* CoreGraphics.framework in Frameworks */ = {isa = PBXBuildFile; fileRef = 04503FCC1A388680008D1711 /* CoreGraphics.framework */; };
		04503FCF1A388680008D1711 /* UIKit.framework in Frameworks */ = {isa = PBXBuildFile; fileRef = 04503FCE1A388680008D1711 /* UIKit.framework */; };
		04503FD51A388680008D1711 /* InfoPlist.strings in Resources */ = {isa = PBXBuildFile; fileRef = 04503FD31A388680008D1711 /* InfoPlist.strings */; };
		04503FDD1A388680008D1711 /* Images.xcassets in Resources */ = {isa = PBXBuildFile; fileRef = 04503FDC1A388680008D1711 /* Images.xcassets */; };
		04503FE41A388680008D1711 /* XCTest.framework in Frameworks */ = {isa = PBXBuildFile; fileRef = 04503FE31A388680008D1711 /* XCTest.framework */; };
		04503FE51A388680008D1711 /* Foundation.framework in Frameworks */ = {isa = PBXBuildFile; fileRef = 04503FCA1A388680008D1711 /* Foundation.framework */; };
		04503FE61A388680008D1711 /* UIKit.framework in Frameworks */ = {isa = PBXBuildFile; fileRef = 04503FCE1A388680008D1711 /* UIKit.framework */; };
		04503FEE1A388680008D1711 /* InfoPlist.strings in Resources */ = {isa = PBXBuildFile; fileRef = 04503FEC1A388680008D1711 /* InfoPlist.strings */; };
		04503FF01A388680008D1711 /* SinaMBlogTests.m in Sources */ = {isa = PBXBuildFile; fileRef = 04503FEF1A388680008D1711 /* SinaMBlogTests.m */; };
		049104B21A3975A300C85694 /* UIView+Frame.m in Sources */ = {isa = PBXBuildFile; fileRef = 049104B11A3975A300C85694 /* UIView+Frame.m */; };
		049104B51A397BF900C85694 /* UIBarButtonItem+Extension.m in Sources */ = {isa = PBXBuildFile; fileRef = 049104B41A397BF900C85694 /* UIBarButtonItem+Extension.m */; };
		049104B81A39810500C85694 /* LZTitleButton.m in Sources */ = {isa = PBXBuildFile; fileRef = 049104B71A39810500C85694 /* LZTitleButton.m */; };
		04AF00A81A388CAB003732CB /* LZDiscoverViewController.m in Sources */ = {isa = PBXBuildFile; fileRef = 04AF00721A388CAB003732CB /* LZDiscoverViewController.m */; };
		04AF00A91A388CAB003732CB /* LZHomeViewController.m in Sources */ = {isa = PBXBuildFile; fileRef = 04AF00781A388CAB003732CB /* LZHomeViewController.m */; };
		04AF00AA1A388CAB003732CB /* AFHTTPRequestOperation.m in Sources */ = {isa = PBXBuildFile; fileRef = 04AF007E1A388CAB003732CB /* AFHTTPRequestOperation.m */; };
		04AF00AB1A388CAB003732CB /* AFHTTPRequestOperationManager.m in Sources */ = {isa = PBXBuildFile; fileRef = 04AF00801A388CAB003732CB /* AFHTTPRequestOperationManager.m */; };
		04AF00AC1A388CAB003732CB /* AFHTTPSessionManager.m in Sources */ = {isa = PBXBuildFile; fileRef = 04AF00821A388CAB003732CB /* AFHTTPSessionManager.m */; };
		04AF00AD1A388CAB003732CB /* AFNetworkReachabilityManager.m in Sources */ = {isa = PBXBuildFile; fileRef = 04AF00851A388CAB003732CB /* AFNetworkReachabilityManager.m */; };
		04AF00AE1A388CAB003732CB /* AFSecurityPolicy.m in Sources */ = {isa = PBXBuildFile; fileRef = 04AF00871A388CAB003732CB /* AFSecurityPolicy.m */; };
		04AF00AF1A388CAB003732CB /* AFURLConnectionOperation.m in Sources */ = {isa = PBXBuildFile; fileRef = 04AF00891A388CAB003732CB /* AFURLConnectionOperation.m */; };
		04AF00B01A388CAB003732CB /* AFURLRequestSerialization.m in Sources */ = {isa = PBXBuildFile; fileRef = 04AF008B1A388CAB003732CB /* AFURLRequestSerialization.m */; };
		04AF00B11A388CAB003732CB /* AFURLResponseSerialization.m in Sources */ = {isa = PBXBuildFile; fileRef = 04AF008D1A388CAB003732CB /* AFURLResponseSerialization.m */; };
		04AF00B21A388CAB003732CB /* AFURLSessionManager.m in Sources */ = {isa = PBXBuildFile; fileRef = 04AF008F1A388CAB003732CB /* AFURLSessionManager.m */; };
		04AF00B31A388CAB003732CB /* LZRootController.m in Sources */ = {isa = PBXBuildFile; fileRef = 04AF00931A388CAB003732CB /* LZRootController.m */; };
		04AF00B41A388CAB003732CB /* LZTabBar.m in Sources */ = {isa = PBXBuildFile; fileRef = 04AF00971A388CAB003732CB /* LZTabBar.m */; };
		04AF00B51A388CAB003732CB /* LZMessageViewController.m in Sources */ = {isa = PBXBuildFile; fileRef = 04AF009B1A388CAB003732CB /* LZMessageViewController.m */; };
		04AF00B61A388CAB003732CB /* LZAppDelegate.m in Sources */ = {isa = PBXBuildFile; fileRef = 04AF00A01A388CAB003732CB /* LZAppDelegate.m */; };
		04AF00B71A388CAB003732CB /* main.m in Sources */ = {isa = PBXBuildFile; fileRef = 04AF00A11A388CAB003732CB /* main.m */; };
		04AF00B81A388CAB003732CB /* LZProfileViewController.m in Sources */ = {isa = PBXBuildFile; fileRef = 04AF00A51A388CAB003732CB /* LZProfileViewController.m */; };
/* End PBXBuildFile section */

/* Begin PBXContainerItemProxy section */
		04503FE71A388680008D1711 /* PBXContainerItemProxy */ = {
			isa = PBXContainerItemProxy;
			containerPortal = 04503FBF1A388680008D1711 /* Project object */;
			proxyType = 1;
			remoteGlobalIDString = 04503FC61A388680008D1711;
			remoteInfo = SinaMBlog;
		};
/* End PBXContainerItemProxy section */

/* Begin PBXFileReference section */
		04503FC71A388680008D1711 /* SinaMBlog.app */ = {isa = PBXFileReference; explicitFileType = wrapper.application; includeInIndex = 0; path = SinaMBlog.app; sourceTree = BUILT_PRODUCTS_DIR; };
		04503FCA1A388680008D1711 /* Foundation.framework */ = {isa = PBXFileReference; lastKnownFileType = wrapper.framework; name = Foundation.framework; path = System/Library/Frameworks/Foundation.framework; sourceTree = SDKROOT; };
		04503FCC1A388680008D1711 /* CoreGraphics.framework */ = {isa = PBXFileReference; lastKnownFileType = wrapper.framework; name = CoreGraphics.framework; path = System/Library/Frameworks/CoreGraphics.framework; sourceTree = SDKROOT; };
		04503FCE1A388680008D1711 /* UIKit.framework */ = {isa = PBXFileReference; lastKnownFileType = wrapper.framework; name = UIKit.framework; path = System/Library/Frameworks/UIKit.framework; sourceTree = SDKROOT; };
		04503FD21A388680008D1711 /* SinaMBlog-Info.plist */ = {isa = PBXFileReference; lastKnownFileType = text.plist.xml; path = "SinaMBlog-Info.plist"; sourceTree = "<group>"; };
		04503FD41A388680008D1711 /* en */ = {isa = PBXFileReference; lastKnownFileType = text.plist.strings; name = en; path = en.lproj/InfoPlist.strings; sourceTree = "<group>"; };
		04503FD81A388680008D1711 /* SinaMBlog-Prefix.pch */ = {isa = PBXFileReference; lastKnownFileType = sourcecode.c.h; path = "SinaMBlog-Prefix.pch"; sourceTree = "<group>"; };
		04503FDC1A388680008D1711 /* Images.xcassets */ = {isa = PBXFileReference; lastKnownFileType = folder.assetcatalog; path = Images.xcassets; sourceTree = "<group>"; };
		04503FE21A388680008D1711 /* SinaMBlogTests.xctest */ = {isa = PBXFileReference; explicitFileType = wrapper.cfbundle; includeInIndex = 0; path = SinaMBlogTests.xctest; sourceTree = BUILT_PRODUCTS_DIR; };
		04503FE31A388680008D1711 /* XCTest.framework */ = {isa = PBXFileReference; lastKnownFileType = wrapper.framework; name = XCTest.framework; path = Library/Frameworks/XCTest.framework; sourceTree = DEVELOPER_DIR; };
		04503FEB1A388680008D1711 /* SinaMBlogTests-Info.plist */ = {isa = PBXFileReference; lastKnownFileType = text.plist.xml; path = "SinaMBlogTests-Info.plist"; sourceTree = "<group>"; };
		04503FED1A388680008D1711 /* en */ = {isa = PBXFileReference; lastKnownFileType = text.plist.strings; name = en; path = en.lproj/InfoPlist.strings; sourceTree = "<group>"; };
		04503FEF1A388680008D1711 /* SinaMBlogTests.m */ = {isa = PBXFileReference; lastKnownFileType = sourcecode.c.objc; path = SinaMBlogTests.m; sourceTree = "<group>"; };
		049104B01A3975A300C85694 /* UIView+Frame.h */ = {isa = PBXFileReference; fileEncoding = 4; lastKnownFileType = sourcecode.c.h; path = "UIView+Frame.h"; sourceTree = "<group>"; };
		049104B11A3975A300C85694 /* UIView+Frame.m */ = {isa = PBXFileReference; fileEncoding = 4; lastKnownFileType = sourcecode.c.objc; path = "UIView+Frame.m"; sourceTree = "<group>"; };
		049104B31A397BF900C85694 /* UIBarButtonItem+Extension.h */ = {isa = PBXFileReference; fileEncoding = 4; lastKnownFileType = sourcecode.c.h; path = "UIBarButtonItem+Extension.h"; sourceTree = "<group>"; };
		049104B41A397BF900C85694 /* UIBarButtonItem+Extension.m */ = {isa = PBXFileReference; fileEncoding = 4; lastKnownFileType = sourcecode.c.objc; path = "UIBarButtonItem+Extension.m"; sourceTree = "<group>"; };
		049104B61A39810500C85694 /* LZTitleButton.h */ = {isa = PBXFileReference; fileEncoding = 4; lastKnownFileType = sourcecode.c.h; path = LZTitleButton.h; sourceTree = "<group>"; };
		049104B71A39810500C85694 /* LZTitleButton.m */ = {isa = PBXFileReference; fileEncoding = 4; lastKnownFileType = sourcecode.c.objc; path = LZTitleButton.m; sourceTree = "<group>"; };
		04AF00711A388CAB003732CB /* LZDiscoverViewController.h */ = {isa = PBXFileReference; fileEncoding = 4; lastKnownFileType = sourcecode.c.h; path = LZDiscoverViewController.h; sourceTree = "<group>"; };
		04AF00721A388CAB003732CB /* LZDiscoverViewController.m */ = {isa = PBXFileReference; fileEncoding = 4; lastKnownFileType = sourcecode.c.objc; path = LZDiscoverViewController.m; sourceTree = "<group>"; };
		04AF00771A388CAB003732CB /* LZHomeViewController.h */ = {isa = PBXFileReference; fileEncoding = 4; lastKnownFileType = sourcecode.c.h; path = LZHomeViewController.h; sourceTree = "<group>"; };
		04AF00781A388CAB003732CB /* LZHomeViewController.m */ = {isa = PBXFileReference; fileEncoding = 4; lastKnownFileType = sourcecode.c.objc; path = LZHomeViewController.m; sourceTree = "<group>"; };
		04AF007D1A388CAB003732CB /* AFHTTPRequestOperation.h */ = {isa = PBXFileReference; fileEncoding = 4; lastKnownFileType = sourcecode.c.h; path = AFHTTPRequestOperation.h; sourceTree = "<group>"; };
		04AF007E1A388CAB003732CB /* AFHTTPRequestOperation.m */ = {isa = PBXFileReference; fileEncoding = 4; lastKnownFileType = sourcecode.c.objc; path = AFHTTPRequestOperation.m; sourceTree = "<group>"; };
		04AF007F1A388CAB003732CB /* AFHTTPRequestOperationManager.h */ = {isa = PBXFileReference; fileEncoding = 4; lastKnownFileType = sourcecode.c.h; path = AFHTTPRequestOperationManager.h; sourceTree = "<group>"; };
		04AF00801A388CAB003732CB /* AFHTTPRequestOperationManager.m */ = {isa = PBXFileReference; fileEncoding = 4; lastKnownFileType = sourcecode.c.objc; path = AFHTTPRequestOperationManager.m; sourceTree = "<group>"; };
		04AF00811A388CAB003732CB /* AFHTTPSessionManager.h */ = {isa = PBXFileReference; fileEncoding = 4; lastKnownFileType = sourcecode.c.h; path = AFHTTPSessionManager.h; sourceTree = "<group>"; };
		04AF00821A388CAB003732CB /* AFHTTPSessionManager.m */ = {isa = PBXFileReference; fileEncoding = 4; lastKnownFileType = sourcecode.c.objc; path = AFHTTPSessionManager.m; sourceTree = "<group>"; };
		04AF00831A388CAB003732CB /* AFNetworking.h */ = {isa = PBXFileReference; fileEncoding = 4; lastKnownFileType = sourcecode.c.h; path = AFNetworking.h; sourceTree = "<group>"; };
		04AF00841A388CAB003732CB /* AFNetworkReachabilityManager.h */ = {isa = PBXFileReference; fileEncoding = 4; lastKnownFileType = sourcecode.c.h; path = AFNetworkReachabilityManager.h; sourceTree = "<group>"; };
		04AF00851A388CAB003732CB /* AFNetworkReachabilityManager.m */ = {isa = PBXFileReference; fileEncoding = 4; lastKnownFileType = sourcecode.c.objc; path = AFNetworkReachabilityManager.m; sourceTree = "<group>"; };
		04AF00861A388CAB003732CB /* AFSecurityPolicy.h */ = {isa = PBXFileReference; fileEncoding = 4; lastKnownFileType = sourcecode.c.h; path = AFSecurityPolicy.h; sourceTree = "<group>"; };
		04AF00871A388CAB003732CB /* AFSecurityPolicy.m */ = {isa = PBXFileReference; fileEncoding = 4; lastKnownFileType = sourcecode.c.objc; path = AFSecurityPolicy.m; sourceTree = "<group>"; };
		04AF00881A388CAB003732CB /* AFURLConnectionOperation.h */ = {isa = PBXFileReference; fileEncoding = 4; lastKnownFileType = sourcecode.c.h; path = AFURLConnectionOperation.h; sourceTree = "<group>"; };
		04AF00891A388CAB003732CB /* AFURLConnectionOperation.m */ = {isa = PBXFileReference; fileEncoding = 4; lastKnownFileType = sourcecode.c.objc; path = AFURLConnectionOperation.m; sourceTree = "<group>"; };
		04AF008A1A388CAB003732CB /* AFURLRequestSerialization.h */ = {isa = PBXFileReference; fileEncoding = 4; lastKnownFileType = sourcecode.c.h; path = AFURLRequestSerialization.h; sourceTree = "<group>"; };
		04AF008B1A388CAB003732CB /* AFURLRequestSerialization.m */ = {isa = PBXFileReference; fileEncoding = 4; lastKnownFileType = sourcecode.c.objc; path = AFURLRequestSerialization.m; sourceTree = "<group>"; };
		04AF008C1A388CAB003732CB /* AFURLResponseSerialization.h */ = {isa = PBXFileReference; fileEncoding = 4; lastKnownFileType = sourcecode.c.h; path = AFURLResponseSerialization.h; sourceTree = "<group>"; };
		04AF008D1A388CAB003732CB /* AFURLResponseSerialization.m */ = {isa = PBXFileReference; fileEncoding = 4; lastKnownFileType = sourcecode.c.objc; path = AFURLResponseSerialization.m; sourceTree = "<group>"; };
		04AF008E1A388CAB003732CB /* AFURLSessionManager.h */ = {isa = PBXFileReference; fileEncoding = 4; lastKnownFileType = sourcecode.c.h; path = AFURLSessionManager.h; sourceTree = "<group>"; };
		04AF008F1A388CAB003732CB /* AFURLSessionManager.m */ = {isa = PBXFileReference; fileEncoding = 4; lastKnownFileType = sourcecode.c.objc; path = AFURLSessionManager.m; sourceTree = "<group>"; };
		04AF00921A388CAB003732CB /* LZRootController.h */ = {isa = PBXFileReference; fileEncoding = 4; lastKnownFileType = sourcecode.c.h; path = LZRootController.h; sourceTree = "<group>"; };
		04AF00931A388CAB003732CB /* LZRootController.m */ = {isa = PBXFileReference; fileEncoding = 4; lastKnownFileType = sourcecode.c.objc; path = LZRootController.m; sourceTree = "<group>"; };
		04AF00961A388CAB003732CB /* LZTabBar.h */ = {isa = PBXFileReference; fileEncoding = 4; lastKnownFileType = sourcecode.c.h; path = LZTabBar.h; sourceTree = "<group>"; };
		04AF00971A388CAB003732CB /* LZTabBar.m */ = {isa = PBXFileReference; fileEncoding = 4; lastKnownFileType = sourcecode.c.objc; path = LZTabBar.m; sourceTree = "<group>"; };
		04AF009A1A388CAB003732CB /* LZMessageViewController.h */ = {isa = PBXFileReference; fileEncoding = 4; lastKnownFileType = sourcecode.c.h; path = LZMessageViewController.h; sourceTree = "<group>"; };
		04AF009B1A388CAB003732CB /* LZMessageViewController.m */ = {isa = PBXFileReference; fileEncoding = 4; lastKnownFileType = sourcecode.c.objc; path = LZMessageViewController.m; sourceTree = "<group>"; };
		04AF009F1A388CAB003732CB /* LZAppDelegate.h */ = {isa = PBXFileReference; fileEncoding = 4; lastKnownFileType = sourcecode.c.h; path = LZAppDelegate.h; sourceTree = "<group>"; };
		04AF00A01A388CAB003732CB /* LZAppDelegate.m */ = {isa = PBXFileReference; fileEncoding = 4; lastKnownFileType = sourcecode.c.objc; path = LZAppDelegate.m; sourceTree = "<group>"; };
		04AF00A11A388CAB003732CB /* main.m */ = {isa = PBXFileReference; fileEncoding = 4; lastKnownFileType = sourcecode.c.objc; path = main.m; sourceTree = "<group>"; };
		04AF00A41A388CAB003732CB /* LZProfileViewController.h */ = {isa = PBXFileReference; fileEncoding = 4; lastKnownFileType = sourcecode.c.h; path = LZProfileViewController.h; sourceTree = "<group>"; };
		04AF00A51A388CAB003732CB /* LZProfileViewController.m */ = {isa = PBXFileReference; fileEncoding = 4; lastKnownFileType = sourcecode.c.objc; path = LZProfileViewController.m; sourceTree = "<group>"; };
/* End PBXFileReference section */

/* Begin PBXFrameworksBuildPhase section */
		04503FC41A388680008D1711 /* Frameworks */ = {
			isa = PBXFrameworksBuildPhase;
			buildActionMask = 2147483647;
			files = (
				04503FCD1A388680008D1711 /* CoreGraphics.framework in Frameworks */,
				04503FCF1A388680008D1711 /* UIKit.framework in Frameworks */,
				04503FCB1A388680008D1711 /* Foundation.framework in Frameworks */,
			);
			runOnlyForDeploymentPostprocessing = 0;
		};
		04503FDF1A388680008D1711 /* Frameworks */ = {
			isa = PBXFrameworksBuildPhase;
			buildActionMask = 2147483647;
			files = (
				04503FE41A388680008D1711 /* XCTest.framework in Frameworks */,
				04503FE61A388680008D1711 /* UIKit.framework in Frameworks */,
				04503FE51A388680008D1711 /* Foundation.framework in Frameworks */,
			);
			runOnlyForDeploymentPostprocessing = 0;
		};
/* End PBXFrameworksBuildPhase section */

/* Begin PBXGroup section */
		04503FBE1A388680008D1711 = {
			isa = PBXGroup;
			children = (
				04503FD01A388680008D1711 /* SinaMBlog */,
				04503FE91A388680008D1711 /* SinaMBlogTests */,
				04503FC91A388680008D1711 /* Frameworks */,
				04503FC81A388680008D1711 /* Products */,
			);
			sourceTree = "<group>";
		};
		04503FC81A388680008D1711 /* Products */ = {
			isa = PBXGroup;
			children = (
				04503FC71A388680008D1711 /* SinaMBlog.app */,
				04503FE21A388680008D1711 /* SinaMBlogTests.xctest */,
			);
			name = Products;
			sourceTree = "<group>";
		};
		04503FC91A388680008D1711 /* Frameworks */ = {
			isa = PBXGroup;
			children = (
				04503FCA1A388680008D1711 /* Foundation.framework */,
				04503FCC1A388680008D1711 /* CoreGraphics.framework */,
				04503FCE1A388680008D1711 /* UIKit.framework */,
				04503FE31A388680008D1711 /* XCTest.framework */,
			);
			name = Frameworks;
			sourceTree = "<group>";
		};
		04503FD01A388680008D1711 /* SinaMBlog */ = {
			isa = PBXGroup;
			children = (
				04AF006D1A388CAB003732CB /* Classes */,
				04503FDC1A388680008D1711 /* Images.xcassets */,
				04503FD11A388680008D1711 /* Supporting Files */,
			);
			path = SinaMBlog;
			sourceTree = "<group>";
		};
		04503FD11A388680008D1711 /* Supporting Files */ = {
			isa = PBXGroup;
			children = (
				04503FD21A388680008D1711 /* SinaMBlog-Info.plist */,
				04503FD31A388680008D1711 /* InfoPlist.strings */,
				04503FD81A388680008D1711 /* SinaMBlog-Prefix.pch */,
			);
			name = "Supporting Files";
			sourceTree = "<group>";
		};
		04503FE91A388680008D1711 /* SinaMBlogTests */ = {
			isa = PBXGroup;
			children = (
				04503FEF1A388680008D1711 /* SinaMBlogTests.m */,
				04503FEA1A388680008D1711 /* Supporting Files */,
			);
			path = SinaMBlogTests;
			sourceTree = "<group>";
		};
		04503FEA1A388680008D1711 /* Supporting Files */ = {
			isa = PBXGroup;
			children = (
				04503FEB1A388680008D1711 /* SinaMBlogTests-Info.plist */,
				04503FEC1A388680008D1711 /* InfoPlist.strings */,
			);
			name = "Supporting Files";
			sourceTree = "<group>";
		};
		04AF006D1A388CAB003732CB /* Classes */ = {
			isa = PBXGroup;
			children = (
				04AF00901A388CAB003732CB /* Main */,
				04AF00751A388CAB003732CB /* Home(首页) */,
				04AF00981A388CAB003732CB /* Message(消息) */,
				04AF006F1A388CAB003732CB /* Discover(发现) */,
				04AF00A21A388CAB003732CB /* Profile(我的) */,
				04AF006E1A388CAB003732CB /* Category */,
				04AF007B1A388CAB003732CB /* Libs */,
				04AF009E1A388CAB003732CB /* Other */,
			);
			path = Classes;
			sourceTree = "<group>";
		};
		04AF006E1A388CAB003732CB /* Category */ = {
			isa = PBXGroup;
			children = (
				049104B01A3975A300C85694 /* UIView+Frame.h */,
				049104B11A3975A300C85694 /* UIView+Frame.m */,
				049104B31A397BF900C85694 /* UIBarButtonItem+Extension.h */,
				049104B41A397BF900C85694 /* UIBarButtonItem+Extension.m */,
			);
			path = Category;
			sourceTree = "<group>";
		};
		04AF006F1A388CAB003732CB /* Discover(发现) */ = {
			isa = PBXGroup;
			children = (
				04AF00701A388CAB003732CB /* Controller */,
				04AF00731A388CAB003732CB /* Model */,
				04AF00741A388CAB003732CB /* View */,
			);
			path = "Discover(发现)";
			sourceTree = "<group>";
		};
		04AF00701A388CAB003732CB /* Controller */ = {
			isa = PBXGroup;
			children = (
				04AF00711A388CAB003732CB /* LZDiscoverViewController.h */,
				04AF00721A388CAB003732CB /* LZDiscoverViewController.m */,
			);
			path = Controller;
			sourceTree = "<group>";
		};
		04AF00731A388CAB003732CB /* Model */ = {
			isa = PBXGroup;
			children = (
			);
			path = Model;
			sourceTree = "<group>";
		};
		04AF00741A388CAB003732CB /* View */ = {
			isa = PBXGroup;
			children = (
			);
			path = View;
			sourceTree = "<group>";
		};
		04AF00751A388CAB003732CB /* Home(首页) */ = {
			isa = PBXGroup;
			children = (
				04AF00761A388CAB003732CB /* Controller */,
				04AF00791A388CAB003732CB /* Model */,
				04AF007A1A388CAB003732CB /* View */,
			);
			path = "Home(首页)";
			sourceTree = "<group>";
		};
		04AF00761A388CAB003732CB /* Controller */ = {
			isa = PBXGroup;
			children = (
				04AF00771A388CAB003732CB /* LZHomeViewController.h */,
				04AF00781A388CAB003732CB /* LZHomeViewController.m */,
			);
			path = Controller;
			sourceTree = "<group>";
		};
		04AF00791A388CAB003732CB /* Model */ = {
			isa = PBXGroup;
			children = (
			);
			path = Model;
			sourceTree = "<group>";
		};
		04AF007A1A388CAB003732CB /* View */ = {
			isa = PBXGroup;
			children = (
				049104B61A39810500C85694 /* LZTitleButton.h */,
				049104B71A39810500C85694 /* LZTitleButton.m */,
			);
			path = View;
			sourceTree = "<group>";
		};
		04AF007B1A388CAB003732CB /* Libs */ = {
			isa = PBXGroup;
			children = (
				04AF007C1A388CAB003732CB /* AFNetworking */,
			);
			path = Libs;
			sourceTree = "<group>";
		};
		04AF007C1A388CAB003732CB /* AFNetworking */ = {
			isa = PBXGroup;
			children = (
				04AF007D1A388CAB003732CB /* AFHTTPRequestOperation.h */,
				04AF007E1A388CAB003732CB /* AFHTTPRequestOperation.m */,
				04AF007F1A388CAB003732CB /* AFHTTPRequestOperationManager.h */,
				04AF00801A388CAB003732CB /* AFHTTPRequestOperationManager.m */,
				04AF00811A388CAB003732CB /* AFHTTPSessionManager.h */,
				04AF00821A388CAB003732CB /* AFHTTPSessionManager.m */,
				04AF00831A388CAB003732CB /* AFNetworking.h */,
				04AF00841A388CAB003732CB /* AFNetworkReachabilityManager.h */,
				04AF00851A388CAB003732CB /* AFNetworkReachabilityManager.m */,
				04AF00861A388CAB003732CB /* AFSecurityPolicy.h */,
				04AF00871A388CAB003732CB /* AFSecurityPolicy.m */,
				04AF00881A388CAB003732CB /* AFURLConnectionOperation.h */,
				04AF00891A388CAB003732CB /* AFURLConnectionOperation.m */,
				04AF008A1A388CAB003732CB /* AFURLRequestSerialization.h */,
				04AF008B1A388CAB003732CB /* AFURLRequestSerialization.m */,
				04AF008C1A388CAB003732CB /* AFURLResponseSerialization.h */,
				04AF008D1A388CAB003732CB /* AFURLResponseSerialization.m */,
				04AF008E1A388CAB003732CB /* AFURLSessionManager.h */,
				04AF008F1A388CAB003732CB /* AFURLSessionManager.m */,
			);
			path = AFNetworking;
			sourceTree = "<group>";
		};
		04AF00901A388CAB003732CB /* Main */ = {
			isa = PBXGroup;
			children = (
				04AF00911A388CAB003732CB /* Controller */,
				04AF00941A388CAB003732CB /* Model */,
				04AF00951A388CAB003732CB /* View */,
			);
			path = Main;
			sourceTree = "<group>";
		};
		04AF00911A388CAB003732CB /* Controller */ = {
			isa = PBXGroup;
			children = (
				04AF00921A388CAB003732CB /* LZRootController.h */,
				04AF00931A388CAB003732CB /* LZRootController.m */,
			);
			path = Controller;
			sourceTree = "<group>";
		};
		04AF00941A388CAB003732CB /* Model */ = {
			isa = PBXGroup;
			children = (
			);
			path = Model;
			sourceTree = "<group>";
		};
		04AF00951A388CAB003732CB /* View */ = {
			isa = PBXGroup;
			children = (
				04AF00961A388CAB003732CB /* LZTabBar.h */,
				04AF00971A388CAB003732CB /* LZTabBar.m */,
			);
			path = View;
			sourceTree = "<group>";
		};
		04AF00981A388CAB003732CB /* Message(消息) */ = {
			isa = PBXGroup;
			children = (
				04AF00991A388CAB003732CB /* Controller */,
				04AF009C1A388CAB003732CB /* Model */,
				04AF009D1A388CAB003732CB /* View */,
			);
			path = "Message(消息)";
			sourceTree = "<group>";
		};
		04AF00991A388CAB003732CB /* Controller */ = {
			isa = PBXGroup;
			children = (
				04AF009A1A388CAB003732CB /* LZMessageViewController.h */,
				04AF009B1A388CAB003732CB /* LZMessageViewController.m */,
			);
			path = Controller;
			sourceTree = "<group>";
		};
		04AF009C1A388CAB003732CB /* Model */ = {
			isa = PBXGroup;
			children = (
			);
			path = Model;
			sourceTree = "<group>";
		};
		04AF009D1A388CAB003732CB /* View */ = {
			isa = PBXGroup;
			children = (
			);
			path = View;
			sourceTree = "<group>";
		};
		04AF009E1A388CAB003732CB /* Other */ = {
			isa = PBXGroup;
			children = (
				04AF009F1A388CAB003732CB /* LZAppDelegate.h */,
				04AF00A01A388CAB003732CB /* LZAppDelegate.m */,
				04AF00A11A388CAB003732CB /* main.m */,
			);
			path = Other;
			sourceTree = "<group>";
		};
		04AF00A21A388CAB003732CB /* Profile(我的) */ = {
			isa = PBXGroup;
			children = (
				04AF00A31A388CAB003732CB /* Controller */,
				04AF00A61A388CAB003732CB /* Model */,
				04AF00A71A388CAB003732CB /* View */,
			);
			path = "Profile(我的)";
			sourceTree = "<group>";
		};
		04AF00A31A388CAB003732CB /* Controller */ = {
			isa = PBXGroup;
			children = (
				04AF00A41A388CAB003732CB /* LZProfileViewController.h */,
				04AF00A51A388CAB003732CB /* LZProfileViewController.m */,
			);
			path = Controller;
			sourceTree = "<group>";
		};
		04AF00A61A388CAB003732CB /* Model */ = {
			isa = PBXGroup;
			children = (
			);
			path = Model;
			sourceTree = "<group>";
		};
		04AF00A71A388CAB003732CB /* View */ = {
			isa = PBXGroup;
			children = (
			);
			path = View;
			sourceTree = "<group>";
		};
/* End PBXGroup section */

/* Begin PBXNativeTarget section */
		04503FC61A388680008D1711 /* SinaMBlog */ = {
			isa = PBXNativeTarget;
			buildConfigurationList = 04503FF31A388680008D1711 /* Build configuration list for PBXNativeTarget "SinaMBlog" */;
			buildPhases = (
				04503FC31A388680008D1711 /* Sources */,
				04503FC41A388680008D1711 /* Frameworks */,
				04503FC51A388680008D1711 /* Resources */,
			);
			buildRules = (
			);
			dependencies = (
			);
			name = SinaMBlog;
			productName = SinaMBlog;
			productReference = 04503FC71A388680008D1711 /* SinaMBlog.app */;
			productType = "com.apple.product-type.application";
		};
		04503FE11A388680008D1711 /* SinaMBlogTests */ = {
			isa = PBXNativeTarget;
			buildConfigurationList = 04503FF61A388680008D1711 /* Build configuration list for PBXNativeTarget "SinaMBlogTests" */;
			buildPhases = (
				04503FDE1A388680008D1711 /* Sources */,
				04503FDF1A388680008D1711 /* Frameworks */,
				04503FE01A388680008D1711 /* Resources */,
			);
			buildRules = (
			);
			dependencies = (
				04503FE81A388680008D1711 /* PBXTargetDependency */,
			);
			name = SinaMBlogTests;
			productName = SinaMBlogTests;
			productReference = 04503FE21A388680008D1711 /* SinaMBlogTests.xctest */;
			productType = "com.apple.product-type.bundle.unit-test";
		};
/* End PBXNativeTarget section */

/* Begin PBXProject section */
		04503FBF1A388680008D1711 /* Project object */ = {
			isa = PBXProject;
			attributes = {
				CLASSPREFIX = LZ;
				LastUpgradeCheck = 0510;
				ORGANIZATIONNAME = "___FULLUSERNAME___";
				TargetAttributes = {
					04503FE11A388680008D1711 = {
						TestTargetID = 04503FC61A388680008D1711;
					};
				};
			};
			buildConfigurationList = 04503FC21A388680008D1711 /* Build configuration list for PBXProject "SinaMBlog" */;
			compatibilityVersion = "Xcode 3.2";
			developmentRegion = English;
			hasScannedForEncodings = 0;
			knownRegions = (
				en,
			);
			mainGroup = 04503FBE1A388680008D1711;
			productRefGroup = 04503FC81A388680008D1711 /* Products */;
			projectDirPath = "";
			projectRoot = "";
			targets = (
				04503FC61A388680008D1711 /* SinaMBlog */,
				04503FE11A388680008D1711 /* SinaMBlogTests */,
			);
		};
/* End PBXProject section */

/* Begin PBXResourcesBuildPhase section */
		04503FC51A388680008D1711 /* Resources */ = {
			isa = PBXResourcesBuildPhase;
			buildActionMask = 2147483647;
			files = (
				04503FD51A388680008D1711 /* InfoPlist.strings in Resources */,
				04503FDD1A388680008D1711 /* Images.xcassets in Resources */,
			);
			runOnlyForDeploymentPostprocessing = 0;
		};
		04503FE01A388680008D1711 /* Resources */ = {
			isa = PBXResourcesBuildPhase;
			buildActionMask = 2147483647;
			files = (
				04503FEE1A388680008D1711 /* InfoPlist.strings in Resources */,
			);
			runOnlyForDeploymentPostprocessing = 0;
		};
/* End PBXResourcesBuildPhase section */

/* Begin PBXSourcesBuildPhase section */
		04503FC31A388680008D1711 /* Sources */ = {
			isa = PBXSourcesBuildPhase;
			buildActionMask = 2147483647;
			files = (
				04AF00B01A388CAB003732CB /* AFURLRequestSerialization.m in Sources */,
				04AF00AF1A388CAB003732CB /* AFURLConnectionOperation.m in Sources */,
				04AF00AE1A388CAB003732CB /* AFSecurityPolicy.m in Sources */,
				04AF00B61A388CAB003732CB /* LZAppDelegate.m in Sources */,
				04AF00B31A388CAB003732CB /* LZRootController.m in Sources */,
				04AF00AA1A388CAB003732CB /* AFHTTPRequestOperation.m in Sources */,
				04AF00B71A388CAB003732CB /* main.m in Sources */,
				04AF00B21A388CAB003732CB /* AFURLSessionManager.m in Sources */,
				04AF00B11A388CAB003732CB /* AFURLResponseSerialization.m in Sources */,
				04AF00A81A388CAB003732CB /* LZDiscoverViewController.m in Sources */,
				04AF00AC1A388CAB003732CB /* AFHTTPSessionManager.m in Sources */,
				049104B51A397BF900C85694 /* UIBarButtonItem+Extension.m in Sources */,
				04AF00AB1A388CAB003732CB /* AFHTTPRequestOperationManager.m in Sources */,
				049104B21A3975A300C85694 /* UIView+Frame.m in Sources */,
				049104B81A39810500C85694 /* LZTitleButton.m in Sources */,
				04AF00B51A388CAB003732CB /* LZMessageViewController.m in Sources */,
				04AF00B81A388CAB003732CB /* LZProfileViewController.m in Sources */,
				04AF00B41A388CAB003732CB /* LZTabBar.m in Sources */,
				04AF00AD1A388CAB003732CB /* AFNetworkReachabilityManager.m in Sources */,
				04AF00A91A388CAB003732CB /* LZHomeViewController.m in Sources */,
			);
			runOnlyForDeploymentPostprocessing = 0;
		};
		04503FDE1A388680008D1711 /* Sources */ = {
			isa = PBXSourcesBuildPhase;
			buildActionMask = 2147483647;
			files = (
				04503FF01A388680008D1711 /* SinaMBlogTests.m in Sources */,
			);
			runOnlyForDeploymentPostprocessing = 0;
		};
/* End PBXSourcesBuildPhase section */

/* Begin PBXTargetDependency section */
		04503FE81A388680008D1711 /* PBXTargetDependency */ = {
			isa = PBXTargetDependency;
			target = 04503FC61A388680008D1711 /* SinaMBlog */;
			targetProxy = 04503FE71A388680008D1711 /* PBXContainerItemProxy */;
		};
/* End PBXTargetDependency section */

/* Begin PBXVariantGroup section */
		04503FD31A388680008D1711 /* InfoPlist.strings */ = {
			isa = PBXVariantGroup;
			children = (
				04503FD41A388680008D1711 /* en */,
			);
			name = InfoPlist.strings;
			sourceTree = "<group>";
		};
		04503FEC1A388680008D1711 /* InfoPlist.strings */ = {
			isa = PBXVariantGroup;
			children = (
				04503FED1A388680008D1711 /* en */,
			);
			name = InfoPlist.strings;
			sourceTree = "<group>";
		};
/* End PBXVariantGroup section */

/* Begin XCBuildConfiguration section */
		04503FF11A388680008D1711 /* Debug */ = {
			isa = XCBuildConfiguration;
			buildSettings = {
				ALWAYS_SEARCH_USER_PATHS = NO;
				CLANG_CXX_LANGUAGE_STANDARD = "gnu++0x";
				CLANG_CXX_LIBRARY = "libc++";
				CLANG_ENABLE_MODULES = YES;
				CLANG_ENABLE_OBJC_ARC = YES;
				CLANG_WARN_BOOL_CONVERSION = YES;
				CLANG_WARN_CONSTANT_CONVERSION = YES;
				CLANG_WARN_DIRECT_OBJC_ISA_USAGE = YES_ERROR;
				CLANG_WARN_EMPTY_BODY = YES;
				CLANG_WARN_ENUM_CONVERSION = YES;
				CLANG_WARN_INT_CONVERSION = YES;
				CLANG_WARN_OBJC_ROOT_CLASS = YES_ERROR;
				CLANG_WARN__DUPLICATE_METHOD_MATCH = YES;
				"CODE_SIGN_IDENTITY[sdk=iphoneos*]" = "iPhone Developer";
				COPY_PHASE_STRIP = NO;
				GCC_C_LANGUAGE_STANDARD = gnu99;
				GCC_DYNAMIC_NO_PIC = NO;
				GCC_OPTIMIZATION_LEVEL = 0;
				GCC_PREPROCESSOR_DEFINITIONS = (
					"DEBUG=1",
					"$(inherited)",
				);
				GCC_SYMBOLS_PRIVATE_EXTERN = NO;
				GCC_WARN_64_TO_32_BIT_CONVERSION = YES;
				GCC_WARN_ABOUT_RETURN_TYPE = YES_ERROR;
				GCC_WARN_UNDECLARED_SELECTOR = YES;
				GCC_WARN_UNINITIALIZED_AUTOS = YES_AGGRESSIVE;
				GCC_WARN_UNUSED_FUNCTION = YES;
				GCC_WARN_UNUSED_VARIABLE = YES;
				IPHONEOS_DEPLOYMENT_TARGET = 7.1;
				ONLY_ACTIVE_ARCH = YES;
				SDKROOT = iphoneos;
			};
			name = Debug;
		};
		04503FF21A388680008D1711 /* Release */ = {
			isa = XCBuildConfiguration;
			buildSettings = {
				ALWAYS_SEARCH_USER_PATHS = NO;
				CLANG_CXX_LANGUAGE_STANDARD = "gnu++0x";
				CLANG_CXX_LIBRARY = "libc++";
				CLANG_ENABLE_MODULES = YES;
				CLANG_ENABLE_OBJC_ARC = YES;
				CLANG_WARN_BOOL_CONVERSION = YES;
				CLANG_WARN_CONSTANT_CONVERSION = YES;
				CLANG_WARN_DIRECT_OBJC_ISA_USAGE = YES_ERROR;
				CLANG_WARN_EMPTY_BODY = YES;
				CLANG_WARN_ENUM_CONVERSION = YES;
				CLANG_WARN_INT_CONVERSION = YES;
				CLANG_WARN_OBJC_ROOT_CLASS = YES_ERROR;
				CLANG_WARN__DUPLICATE_METHOD_MATCH = YES;
				"CODE_SIGN_IDENTITY[sdk=iphoneos*]" = "iPhone Developer";
				COPY_PHASE_STRIP = YES;
				ENABLE_NS_ASSERTIONS = NO;
				GCC_C_LANGUAGE_STANDARD = gnu99;
				GCC_WARN_64_TO_32_BIT_CONVERSION = YES;
				GCC_WARN_ABOUT_RETURN_TYPE = YES_ERROR;
				GCC_WARN_UNDECLARED_SELECTOR = YES;
				GCC_WARN_UNINITIALIZED_AUTOS = YES_AGGRESSIVE;
				GCC_WARN_UNUSED_FUNCTION = YES;
				GCC_WARN_UNUSED_VARIABLE = YES;
				IPHONEOS_DEPLOYMENT_TARGET = 7.1;
				SDKROOT = iphoneos;
				VALIDATE_PRODUCT = YES;
			};
			name = Release;
		};
		04503FF41A388680008D1711 /* Debug */ = {
			isa = XCBuildConfiguration;
			buildSettings = {
				ASSETCATALOG_COMPILER_APPICON_NAME = AppIcon;
				ASSETCATALOG_COMPILER_LAUNCHIMAGE_NAME = LaunchImage;
				GCC_PRECOMPILE_PREFIX_HEADER = YES;
				GCC_PREFIX_HEADER = "SinaMBlog/SinaMBlog-Prefix.pch";
				INFOPLIST_FILE = "SinaMBlog/SinaMBlog-Info.plist";
				PRODUCT_NAME = "$(TARGET_NAME)";
				WRAPPER_EXTENSION = app;
			};
			name = Debug;
		};
		04503FF51A388680008D1711 /* Release */ = {
			isa = XCBuildConfiguration;
			buildSettings = {
				ASSETCATALOG_COMPILER_APPICON_NAME = AppIcon;
				ASSETCATALOG_COMPILER_LAUNCHIMAGE_NAME = LaunchImage;
				GCC_PRECOMPILE_PREFIX_HEADER = YES;
				GCC_PREFIX_HEADER = "SinaMBlog/SinaMBlog-Prefix.pch";
				INFOPLIST_FILE = "SinaMBlog/SinaMBlog-Info.plist";
				PRODUCT_NAME = "$(TARGET_NAME)";
				WRAPPER_EXTENSION = app;
			};
			name = Release;
		};
		04503FF71A388680008D1711 /* Debug */ = {
			isa = XCBuildConfiguration;
			buildSettings = {
				BUNDLE_LOADER = "$(BUILT_PRODUCTS_DIR)/SinaMBlog.app/SinaMBlog";
				FRAMEWORK_SEARCH_PATHS = (
					"$(SDKROOT)/Developer/Library/Frameworks",
					"$(inherited)",
					"$(DEVELOPER_FRAMEWORKS_DIR)",
				);
				GCC_PRECOMPILE_PREFIX_HEADER = YES;
				GCC_PREFIX_HEADER = "SinaMBlog/SinaMBlog-Prefix.pch";
				GCC_PREPROCESSOR_DEFINITIONS = (
					"DEBUG=1",
					"$(inherited)",
				);
				INFOPLIST_FILE = "SinaMBlogTests/SinaMBlogTests-Info.plist";
				PRODUCT_NAME = "$(TARGET_NAME)";
				TEST_HOST = "$(BUNDLE_LOADER)";
				WRAPPER_EXTENSION = xctest;
			};
			name = Debug;
		};
		04503FF81A388680008D1711 /* Release */ = {
			isa = XCBuildConfiguration;
			buildSettings = {
				BUNDLE_LOADER = "$(BUILT_PRODUCTS_DIR)/SinaMBlog.app/SinaMBlog";
				FRAMEWORK_SEARCH_PATHS = (
					"$(SDKROOT)/Developer/Library/Frameworks",
					"$(inherited)",
					"$(DEVELOPER_FRAMEWORKS_DIR)",
				);
				GCC_PRECOMPILE_PREFIX_HEADER = YES;
				GCC_PREFIX_HEADER = "SinaMBlog/SinaMBlog-Prefix.pch";
				INFOPLIST_FILE = "SinaMBlogTests/SinaMBlogTests-Info.plist";
				PRODUCT_NAME = "$(TARGET_NAME)";
				TEST_HOST = "$(BUNDLE_LOADER)";
				WRAPPER_EXTENSION = xctest;
			};
			name = Release;
		};
/* End XCBuildConfiguration section */

/* Begin XCConfigurationList section */
		04503FC21A388680008D1711 /* Build configuration list for PBXProject "SinaMBlog" */ = {
			isa = XCConfigurationList;
			buildConfigurations = (
				04503FF11A388680008D1711 /* Debug */,
				04503FF21A388680008D1711 /* Release */,
			);
			defaultConfigurationIsVisible = 0;
			defaultConfigurationName = Release;
		};
		04503FF31A388680008D1711 /* Build configuration list for PBXNativeTarget "SinaMBlog" */ = {
			isa = XCConfigurationList;
			buildConfigurations = (
				04503FF41A388680008D1711 /* Debug */,
				04503FF51A388680008D1711 /* Release */,
			);
			defaultConfigurationIsVisible = 0;
			defaultConfigurationName = Release;
		};
		04503FF61A388680008D1711 /* Build configuration list for PBXNativeTarget "SinaMBlogTests" */ = {
			isa = XCConfigurationList;
			buildConfigurations = (
				04503FF71A388680008D1711 /* Debug */,
				04503FF81A388680008D1711 /* Release */,
			);
			defaultConfigurationIsVisible = 0;
			defaultConfigurationName = Release;
		};
/* End XCConfigurationList section */
	};
	rootObject = 04503FBF1A388680008D1711 /* Project object */;
}
